// !$*UTF8*$!
{
	archiveVersion = 1;
	classes = {
	};
	objectVersion = 46;
	objects = {

/* Begin PBXBuildFile section */
		10C7EAAB1C3B23E300645410 /* AppDelegate.swift in Sources */ = {isa = PBXBuildFile; fileRef = 10C7EAAA1C3B23E300645410 /* AppDelegate.swift */; };
		10C7EAAD1C3B23E300645410 /* ViewController.swift in Sources */ = {isa = PBXBuildFile; fileRef = 10C7EAAC1C3B23E300645410 /* ViewController.swift */; };
		10C7EAB01C3B23E300645410 /* Main.storyboard in Resources */ = {isa = PBXBuildFile; fileRef = 10C7EAAE1C3B23E300645410 /* Main.storyboard */; };
		10C7EAB21C3B23E300645410 /* Assets.xcassets in Resources */ = {isa = PBXBuildFile; fileRef = 10C7EAB11C3B23E300645410 /* Assets.xcassets */; };
		10C7EAB51C3B23E300645410 /* LaunchScreen.storyboard in Resources */ = {isa = PBXBuildFile; fileRef = 10C7EAB31C3B23E300645410 /* LaunchScreen.storyboard */; };
		10C7EAC01C3B23E400645410 /* SuperCoolTests.swift in Sources */ = {isa = PBXBuildFile; fileRef = 10C7EABF1C3B23E400645410 /* SuperCoolTests.swift */; };
		10C7EACB1C3B23E400645410 /* SuperCoolUITests.swift in Sources */ = {isa = PBXBuildFile; fileRef = 10C7EACA1C3B23E400645410 /* SuperCoolUITests.swift */; };
/* End PBXBuildFile section */

/* Begin PBXContainerItemProxy section */
		10C7EABC1C3B23E400645410 /* PBXContainerItemProxy */ = {
			isa = PBXContainerItemProxy;
			containerPortal = 10C7EA9F1C3B23E300645410 /* Project object */;
			proxyType = 1;
			remoteGlobalIDString = 10C7EAA61C3B23E300645410;
			remoteInfo = SuperCool;
		};
		10C7EAC71C3B23E400645410 /* PBXContainerItemProxy */ = {
			isa = PBXContainerItemProxy;
			containerPortal = 10C7EA9F1C3B23E300645410 /* Project object */;
			proxyType = 1;
			remoteGlobalIDString = 10C7EAA61C3B23E300645410;
			remoteInfo = SuperCool;
		};
/* End PBXContainerItemProxy section */

/* Begin PBXFileReference section */
		10C7EAA71C3B23E300645410 /* SuperCool.app */ = {isa = PBXFileReference; explicitFileType = wrapper.application; includeInIndex = 0; path = SuperCool.app; sourceTree = BUILT_PRODUCTS_DIR; };
		10C7EAAA1C3B23E300645410 /* AppDelegate.swift */ = {isa = PBXFileReference; lastKnownFileType = sourcecode.swift; path = AppDelegate.swift; sourceTree = "<group>"; };
		10C7EAAC1C3B23E300645410 /* ViewController.swift */ = {isa = PBXFileReference; lastKnownFileType = sourcecode.swift; path = ViewController.swift; sourceTree = "<group>"; };
		10C7EAAF1C3B23E300645410 /* Base */ = {isa = PBXFileReference; lastKnownFileType = file.storyboard; name = Base; path = Base.lproj/Main.storyboard; sourceTree = "<group>"; };
		10C7EAB11C3B23E300645410 /* Assets.xcassets */ = {isa = PBXFileReference; lastKnownFileType = folder.assetcatalog; path = Assets.xcassets; sourceTree = "<group>"; };
		10C7EAB41C3B23E300645410 /* Base */ = {isa = PBXFileReference; lastKnownFileType = file.storyboard; name = Base; path = Base.lproj/LaunchScreen.storyboard; sourceTree = "<group>"; };
		10C7EAB61C3B23E300645410 /* Info.plist */ = {isa = PBXFileReference; lastKnownFileType = text.plist.xml; path = Info.plist; sourceTree = "<group>"; };
		10C7EABB1C3B23E400645410 /* SuperCoolTests.xctest */ = {isa = PBXFileReference; explicitFileType = wrapper.cfbundle; includeInIndex = 0; path = SuperCoolTests.xctest; sourceTree = BUILT_PRODUCTS_DIR; };
		10C7EABF1C3B23E400645410 /* SuperCoolTests.swift */ = {isa = PBXFileReference; lastKnownFileType = sourcecode.swift; path = SuperCoolTests.swift; sourceTree = "<group>"; };
		10C7EAC11C3B23E400645410 /* Info.plist */ = {isa = PBXFileReference; lastKnownFileType = text.plist.xml; path = Info.plist; sourceTree = "<group>"; };
		10C7EAC61C3B23E400645410 /* SuperCoolUITests.xctest */ = {isa = PBXFileReference; explicitFileType = wrapper.cfbundle; includeInIndex = 0; path = SuperCoolUITests.xctest; sourceTree = BUILT_PRODUCTS_DIR; };
		10C7EACA1C3B23E400645410 /* SuperCoolUITests.swift */ = {isa = PBXFileReference; lastKnownFileType = sourcecode.swift; path = SuperCoolUITests.swift; sourceTree = "<group>"; };
		10C7EACC1C3B23E400645410 /* Info.plist */ = {isa = PBXFileReference; lastKnownFileType = text.plist.xml; path = Info.plist; sourceTree = "<group>"; };
/* End PBXFileReference section */

/* Begin PBXFrameworksBuildPhase section */
		10C7EAA41C3B23E300645410 /* Frameworks */ = {
			isa = PBXFrameworksBuildPhase;
			buildActionMask = 2147483647;
			files = (
			);
			runOnlyForDeploymentPostprocessing = 0;
		};
		10C7EAB81C3B23E400645410 /* Frameworks */ = {
			isa = PBXFrameworksBuildPhase;
			buildActionMask = 2147483647;
			files = (
			);
			runOnlyForDeploymentPostprocessing = 0;
		};
		10C7EAC31C3B23E400645410 /* Frameworks */ = {
			isa = PBXFrameworksBuildPhase;
			buildActionMask = 2147483647;
			files = (
			);
			runOnlyForDeploymentPostprocessing = 0;
		};
/* End PBXFrameworksBuildPhase section */

/* Begin PBXGroup section */
		10C7EA9E1C3B23E300645410 = {
			isa = PBXGroup;
			children = (
				10C7EAA91C3B23E300645410 /* SuperCool */,
				10C7EABE1C3B23E400645410 /* SuperCoolTests */,
				10C7EAC91C3B23E400645410 /* SuperCoolUITests */,
				10C7EAA81C3B23E300645410 /* Products */,
			);
			sourceTree = "<group>";
		};
		10C7EAA81C3B23E300645410 /* Products */ = {
			isa = PBXGroup;
			children = (
				10C7EAA71C3B23E300645410 /* SuperCool.app */,
				10C7EABB1C3B23E400645410 /* SuperCoolTests.xctest */,
				10C7EAC61C3B23E400645410 /* SuperCoolUITests.xctest */,
			);
			name = Products;
			sourceTree = "<group>";
		};
		10C7EAA91C3B23E300645410 /* SuperCool */ = {
			isa = PBXGroup;
			children = (
				10C7EAAA1C3B23E300645410 /* AppDelegate.swift */,
				10C7EAAC1C3B23E300645410 /* ViewController.swift */,
				10C7EAAE1C3B23E300645410 /* Main.storyboard */,
				10C7EAB11C3B23E300645410 /* Assets.xcassets */,
				10C7EAB31C3B23E300645410 /* LaunchScreen.storyboard */,
				10C7EAB61C3B23E300645410 /* Info.plist */,
			);
			path = SuperCool;
			sourceTree = "<group>";
		};
		10C7EABE1C3B23E400645410 /* SuperCoolTests */ = {
			isa = PBXGroup;
			children = (
				10C7EABF1C3B23E400645410 /* SuperCoolTests.swift */,
				10C7EAC11C3B23E400645410 /* Info.plist */,
			);
			path = SuperCoolTests;
			sourceTree = "<group>";
		};
		10C7EAC91C3B23E400645410 /* SuperCoolUITests */ = {
			isa = PBXGroup;
			children = (
				10C7EACA1C3B23E400645410 /* SuperCoolUITests.swift */,
				10C7EACC1C3B23E400645410 /* Info.plist */,
			);
			path = SuperCoolUITests;
			sourceTree = "<group>";
		};
/* End PBXGroup section */

/* Begin PBXNativeTarget section */
		10C7EAA61C3B23E300645410 /* SuperCool */ = {
			isa = PBXNativeTarget;
			buildConfigurationList = 10C7EACF1C3B23E400645410 /* Build configuration list for PBXNativeTarget "SuperCool" */;
			buildPhases = (
				10C7EAA31C3B23E300645410 /* Sources */,
				10C7EAA41C3B23E300645410 /* Frameworks */,
				10C7EAA51C3B23E300645410 /* Resources */,
			);
			buildRules = (
			);
			dependencies = (
			);
			name = SuperCool;
			productName = SuperCool;
			productReference = 10C7EAA71C3B23E300645410 /* SuperCool.app */;
			productType = "com.apple.product-type.application";
		};
		10C7EABA1C3B23E400645410 /* SuperCoolTests */ = {
			isa = PBXNativeTarget;
			buildConfigurationList = 10C7EAD21C3B23E400645410 /* Build configuration list for PBXNativeTarget "SuperCoolTests" */;
			buildPhases = (
				10C7EAB71C3B23E400645410 /* Sources */,
				10C7EAB81C3B23E400645410 /* Frameworks */,
				10C7EAB91C3B23E400645410 /* Resources */,
			);
			buildRules = (
			);
			dependencies = (
				10C7EABD1C3B23E400645410 /* PBXTargetDependency */,
			);
			name = SuperCoolTests;
			productName = SuperCoolTests;
			productReference = 10C7EABB1C3B23E400645410 /* SuperCoolTests.xctest */;
			productType = "com.apple.product-type.bundle.unit-test";
		};
		10C7EAC51C3B23E400645410 /* SuperCoolUITests */ = {
			isa = PBXNativeTarget;
			buildConfigurationList = 10C7EAD51C3B23E400645410 /* Build configuration list for PBXNativeTarget "SuperCoolUITests" */;
			buildPhases = (
				10C7EAC21C3B23E400645410 /* Sources */,
				10C7EAC31C3B23E400645410 /* Frameworks */,
				10C7EAC41C3B23E400645410 /* Resources */,
			);
			buildRules = (
			);
			dependencies = (
				10C7EAC81C3B23E400645410 /* PBXTargetDependency */,
			);
			name = SuperCoolUITests;
			productName = SuperCoolUITests;
			productReference = 10C7EAC61C3B23E400645410 /* SuperCoolUITests.xctest */;
			productType = "com.apple.product-type.bundle.ui-testing";
		};
/* End PBXNativeTarget section */

/* Begin PBXProject section */
		10C7EA9F1C3B23E300645410 /* Project object */ = {
			isa = PBXProject;
			attributes = {
				LastSwiftUpdateCheck = 0720;
				LastUpgradeCheck = 0720;
				ORGANIZATIONNAME = "Ayaz Parbtani";
				TargetAttributes = {
					10C7EAA61C3B23E300645410 = {
						CreatedOnToolsVersion = 7.2;
						DevelopmentTeam = RT3KSSKF2D;
					};
					10C7EABA1C3B23E400645410 = {
						CreatedOnToolsVersion = 7.2;
						DevelopmentTeam = RT3KSSKF2D;
						TestTargetID = 10C7EAA61C3B23E300645410;
					};
					10C7EAC51C3B23E400645410 = {
						CreatedOnToolsVersion = 7.2;
						DevelopmentTeam = RT3KSSKF2D;
						TestTargetID = 10C7EAA61C3B23E300645410;
					};
				};
			};
			buildConfigurationList = 10C7EAA21C3B23E300645410 /* Build configuration list for PBXProject "SuperCool" */;
			compatibilityVersion = "Xcode 3.2";
			developmentRegion = English;
			hasScannedForEncodings = 0;
			knownRegions = (
				en,
				Base,
			);
			mainGroup = 10C7EA9E1C3B23E300645410;
			productRefGroup = 10C7EAA81C3B23E300645410 /* Products */;
			projectDirPath = "";
			projectRoot = "";
			targets = (
				10C7EAA61C3B23E300645410 /* SuperCool */,
				10C7EABA1C3B23E400645410 /* SuperCoolTests */,
				10C7EAC51C3B23E400645410 /* SuperCoolUITests */,
			);
		};
/* End PBXProject section */

/* Begin PBXResourcesBuildPhase section */
		10C7EAA51C3B23E300645410 /* Resources */ = {
			isa = PBXResourcesBuildPhase;
			buildActionMask = 2147483647;
			files = (
				10C7EAB51C3B23E300645410 /* LaunchScreen.storyboard in Resources */,
				10C7EAB21C3B23E300645410 /* Assets.xcassets in Resources */,
				10C7EAB01C3B23E300645410 /* Main.storyboard in Resources */,
			);
			runOnlyForDeploymentPostprocessing = 0;
		};
		10C7EAB91C3B23E400645410 /* Resources */ = {
			isa = PBXResourcesBuildPhase;
			buildActionMask = 2147483647;
			files = (
			);
			runOnlyForDeploymentPostprocessing = 0;
		};
		10C7EAC41C3B23E400645410 /* Resources */ = {
			isa = PBXResourcesBuildPhase;
			buildActionMask = 2147483647;
			files = (
			);
			runOnlyForDeploymentPostprocessing = 0;
		};
/* End PBXResourcesBuildPhase section */

/* Begin PBXSourcesBuildPhase section */
		10C7EAA31C3B23E300645410 /* Sources */ = {
			isa = PBXSourcesBuildPhase;
			buildActionMask = 2147483647;
			files = (
				10C7EAAD1C3B23E300645410 /* ViewController.swift in Sources */,
				10C7EAAB1C3B23E300645410 /* AppDelegate.swift in Sources */,
			);
			runOnlyForDeploymentPostprocessing = 0;
		};
		10C7EAB71C3B23E400645410 /* Sources */ = {
			isa = PBXSourcesBuildPhase;
			buildActionMask = 2147483647;
			files = (
				10C7EAC01C3B23E400645410 /* SuperCoolTests.swift in Sources */,
			);
			runOnlyForDeploymentPostprocessing = 0;
		};
		10C7EAC21C3B23E400645410 /* Sources */ = {
			isa = PBXSourcesBuildPhase;
			buildActionMask = 2147483647;
			files = (
				10C7EACB1C3B23E400645410 /* SuperCoolUITests.swift in Sources */,
			);
			runOnlyForDeploymentPostprocessing = 0;
		};
/* End PBXSourcesBuildPhase section */

/* Begin PBXTargetDependency section */
		10C7EABD1C3B23E400645410 /* PBXTargetDependency */ = {
			isa = PBXTargetDependency;
			target = 10C7EAA61C3B23E300645410 /* SuperCool */;
			targetProxy = 10C7EABC1C3B23E400645410 /* PBXContainerItemProxy */;
		};
		10C7EAC81C3B23E400645410 /* PBXTargetDependency */ = {
			isa = PBXTargetDependency;
			target = 10C7EAA61C3B23E300645410 /* SuperCool */;
			targetProxy = 10C7EAC71C3B23E400645410 /* PBXContainerItemProxy */;
		};
/* End PBXTargetDependency section */

/* Begin PBXVariantGroup section */
		10C7EAAE1C3B23E300645410 /* Main.storyboard */ = {
			isa = PBXVariantGroup;
			children = (
				10C7EAAF1C3B23E300645410 /* Base */,
			);
			name = Main.storyboard;
			sourceTree = "<group>";
		};
		10C7EAB31C3B23E300645410 /* LaunchScreen.storyboard */ = {
			isa = PBXVariantGroup;
			children = (
				10C7EAB41C3B23E300645410 /* Base */,
			);
			name = LaunchScreen.storyboard;
			sourceTree = "<group>";
		};
/* End PBXVariantGroup section */

/* Begin XCBuildConfiguration section */
		10C7EACD1C3B23E400645410 /* Debug */ = {
			isa = XCBuildConfiguration;
			buildSettings = {
				ALWAYS_SEARCH_USER_PATHS = NO;
				CLANG_CXX_LANGUAGE_STANDARD = "gnu++0x";
				CLANG_CXX_LIBRARY = "libc++";
				CLANG_ENABLE_MODULES = YES;
				CLANG_ENABLE_OBJC_ARC = YES;
				CLANG_WARN_BOOL_CONVERSION = YES;
				CLANG_WARN_CONSTANT_CONVERSION = YES;
				CLANG_WARN_DIRECT_OBJC_ISA_USAGE = YES_ERROR;
				CLANG_WARN_EMPTY_BODY = YES;
				CLANG_WARN_ENUM_CONVERSION = YES;
				CLANG_WARN_INT_CONVERSION = YES;
				CLANG_WARN_OBJC_ROOT_CLASS = YES_ERROR;
				CLANG_WARN_UNREACHABLE_CODE = YES;
				CLANG_WARN__DUPLICATE_METHOD_MATCH = YES;
				"CODE_SIGN_IDENTITY[sdk=iphoneos*]" = "iPhone Developer";
				COPY_PHASE_STRIP = NO;
				DEBUG_INFORMATION_FORMAT = dwarf;
				ENABLE_STRICT_OBJC_MSGSEND = YES;
				ENABLE_TESTABILITY = YES;
				GCC_C_LANGUAGE_STANDARD = gnu99;
				GCC_DYNAMIC_NO_PIC = NO;
				GCC_NO_COMMON_BLOCKS = YES;
				GCC_OPTIMIZATION_LEVEL = 0;
				GCC_PREPROCESSOR_DEFINITIONS = (
					"DEBUG=1",
					"$(inherited)",
				);
				GCC_WARN_64_TO_32_BIT_CONVERSION = YES;
				GCC_WARN_ABOUT_RETURN_TYPE = YES_ERROR;
				GCC_WARN_UNDECLARED_SELECTOR = YES;
				GCC_WARN_UNINITIALIZED_AUTOS = YES_AGGRESSIVE;
				GCC_WARN_UNUSED_FUNCTION = YES;
				GCC_WARN_UNUSED_VARIABLE = YES;
				IPHONEOS_DEPLOYMENT_TARGET = 9.2;
				MTL_ENABLE_DEBUG_INFO = YES;
				ONLY_ACTIVE_ARCH = YES;
				SDKROOT = iphoneos;
				SWIFT_OPTIMIZATION_LEVEL = "-Onone";
			};
			name = Debug;
		};
		10C7EACE1C3B23E400645410 /* Release */ = {
			isa = XCBuildConfiguration;
			buildSettings = {
				ALWAYS_SEARCH_USER_PATHS = NO;
				CLANG_CXX_LANGUAGE_STANDARD = "gnu++0x";
				CLANG_CXX_LIBRARY = "libc++";
				CLANG_ENABLE_MODULES = YES;
				CLANG_ENABLE_OBJC_ARC = YES;
				CLANG_WARN_BOOL_CONVERSION = YES;
				CLANG_WARN_CONSTANT_CONVERSION = YES;
				CLANG_WARN_DIRECT_OBJC_ISA_USAGE = YES_ERROR;
				CLANG_WARN_EMPTY_BODY = YES;
				CLANG_WARN_ENUM_CONVERSION = YES;
				CLANG_WARN_INT_CONVERSION = YES;
				CLANG_WARN_OBJC_ROOT_CLASS = YES_ERROR;
				CLANG_WARN_UNREACHABLE_CODE = YES;
				CLANG_WARN__DUPLICATE_METHOD_MATCH = YES;
				"CODE_SIGN_IDENTITY[sdk=iphoneos*]" = "iPhone Developer";
				COPY_PHASE_STRIP = NO;
				DEBUG_INFORMATION_FORMAT = "dwarf-with-dsym";
				ENABLE_NS_ASSERTIONS = NO;
				ENABLE_STRICT_OBJC_MSGSEND = YES;
				GCC_C_LANGUAGE_STANDARD = gnu99;
				GCC_NO_COMMON_BLOCKS = YES;
				GCC_WARN_64_TO_32_BIT_CONVERSION = YES;
				GCC_WARN_ABOUT_RETURN_TYPE = YES_ERROR;
				GCC_WARN_UNDECLARED_SELECTOR = YES;
				GCC_WARN_UNINITIALIZED_AUTOS = YES_AGGRESSIVE;
				GCC_WARN_UNUSED_FUNCTION = YES;
				GCC_WARN_UNUSED_VARIABLE = YES;
				IPHONEOS_DEPLOYMENT_TARGET = 9.2;
				MTL_ENABLE_DEBUG_INFO = NO;
				SDKROOT = iphoneos;
				VALIDATE_PRODUCT = YES;
			};
			name = Release;
		};
		10C7EAD01C3B23E400645410 /* Debug */ = {
			isa = XCBuildConfiguration;
			buildSettings = {
				ASSETCATALOG_COMPILER_APPICON_NAME = AppIcon;
				INFOPLIST_FILE = SuperCool/Info.plist;
				LD_RUNPATH_SEARCH_PATHS = "$(inherited) @executable_path/Frameworks";
				PRODUCT_BUNDLE_IDENTIFIER = com.ayaz.parbtani.SuperCool;
				PRODUCT_NAME = "$(TARGET_NAME)";
			};
			name = Debug;
		};
		10C7EAD11C3B23E400645410 /* Release */ = {
			isa = XCBuildConfiguration;
			buildSettings = {
				ASSETCATALOG_COMPILER_APPICON_NAME = AppIcon;
				INFOPLIST_FILE = SuperCool/Info.plist;
				LD_RUNPATH_SEARCH_PATHS = "$(inherited) @executable_path/Frameworks";
				PRODUCT_BUNDLE_IDENTIFIER = com.ayaz.parbtani.SuperCool;
				PRODUCT_NAME = "$(TARGET_NAME)";
			};
			name = Release;
		};
		10C7EAD31C3B23E400645410 /* Debug */ = {
			isa = XCBuildConfiguration;
			buildSettings = {
				BUNDLE_LOADER = "$(TEST_HOST)";
				INFOPLIST_FILE = SuperCoolTests/Info.plist;
				LD_RUNPATH_SEARCH_PATHS = "$(inherited) @executable_path/Frameworks @loader_path/Frameworks";
				PRODUCT_BUNDLE_IDENTIFIER = com.ayaz.parbtani.SuperCoolTests;
				PRODUCT_NAME = "$(TARGET_NAME)";
				TEST_HOST = "$(BUILT_PRODUCTS_DIR)/SuperCool.app/SuperCool";
			};
			name = Debug;
		};
		10C7EAD41C3B23E400645410 /* Release */ = {
			isa = XCBuildConfiguration;
			buildSettings = {
				BUNDLE_LOADER = "$(TEST_HOST)";
				INFOPLIST_FILE = SuperCoolTests/Info.plist;
				LD_RUNPATH_SEARCH_PATHS = "$(inherited) @executable_path/Frameworks @loader_path/Frameworks";
				PRODUCT_BUNDLE_IDENTIFIER = com.ayaz.parbtani.SuperCoolTests;
				PRODUCT_NAME = "$(TARGET_NAME)";
				TEST_HOST = "$(BUILT_PRODUCTS_DIR)/SuperCool.app/SuperCool";
			};
			name = Release;
		};
		10C7EAD61C3B23E400645410 /* Debug */ = {
			isa = XCBuildConfiguration;
			buildSettings = {
				INFOPLIST_FILE = SuperCoolUITests/Info.plist;
				LD_RUNPATH_SEARCH_PATHS = "$(inherited) @executable_path/Frameworks @loader_path/Frameworks";
				PRODUCT_BUNDLE_IDENTIFIER = com.ayaz.parbtani.SuperCoolUITests;
				PRODUCT_NAME = "$(TARGET_NAME)";
				TEST_TARGET_NAME = SuperCool;
				USES_XCTRUNNER = YES;
			};
			name = Debug;
		};
		10C7EAD71C3B23E400645410 /* Release */ = {
			isa = XCBuildConfiguration;
			buildSettings = {
				INFOPLIST_FILE = SuperCoolUITests/Info.plist;
				LD_RUNPATH_SEARCH_PATHS = "$(inherited) @executable_path/Frameworks @loader_path/Frameworks";
				PRODUCT_BUNDLE_IDENTIFIER = com.ayaz.parbtani.SuperCoolUITests;
				PRODUCT_NAME = "$(TARGET_NAME)";
				TEST_TARGET_NAME = SuperCool;
				USES_XCTRUNNER = YES;
			};
			name = Release;
		};
/* End XCBuildConfiguration section */

/* Begin XCConfigurationList section */
		10C7EAA21C3B23E300645410 /* Build configuration list for PBXProject "SuperCool" */ = {
			isa = XCConfigurationList;
			buildConfigurations = (
				10C7EACD1C3B23E400645410 /* Debug */,
				10C7EACE1C3B23E400645410 /* Release */,
			);
			defaultConfigurationIsVisible = 0;
			defaultConfigurationName = Release;
		};
		10C7EACF1C3B23E400645410 /* Build configuration list for PBXNativeTarget "SuperCool" */ = {
			isa = XCConfigurationList;
			buildConfigurations = (
				10C7EAD01C3B23E400645410 /* Debug */,
				10C7EAD11C3B23E400645410 /* Release */,
			);
			defaultConfigurationIsVisible = 0;
		};
		10C7EAD21C3B23E400645410 /* Build configuration list for PBXNativeTarget "SuperCoolTests" */ = {
			isa = XCConfigurationList;
			buildConfigurations = (
				10C7EAD31C3B23E400645410 /* Debug */,
				10C7EAD41C3B23E400645410 /* Release */,
			);
			defaultConfigurationIsVisible = 0;
		};
		10C7EAD51C3B23E400645410 /* Build configuration list for PBXNativeTarget "SuperCoolUITests" */ = {
			isa = XCConfigurationList;
			buildConfigurations = (
				10C7EAD61C3B23E400645410 /* Debug */,
				10C7EAD71C3B23E400645410 /* Release */,
			);
			defaultConfigurationIsVisible = 0;
		};
/* End XCConfigurationList section */
	};
	rootObject = 10C7EA9F1C3B23E300645410 /* Project object */;
}
